
Microsoft Visual Studio Solution File, Format Version 12.00
Project("{FAE04EC0-301F-11D3-BF4B-00C04F79EFBC}") = "Mvc", "Mvc\Mvc.csproj", "{30217B8C-5525-4866-BCCA-D2D147B12F93}"
EndProject
Project("{2150E333-8FDC-42A3-9474-1A3956D46DE8}") = "Core", "Core", "{435179FC-1159-4BFC-9EA8-354C67CB2FDD}"
EndProject
Project("{FAE04EC0-301F-11D3-BF4B-00C04F79EFBC}") = "Domain", "Core\Domain\Domain.csproj", "{6D9C4A7A-921B-4F32-B0F5-E8335611DB73}"
EndProject
Project("{FAE04EC0-301F-11D3-BF4B-00C04F79EFBC}") = "Data", "Core\Data\Data.csproj", "{42490668-33FD-4037-ABCA-446F28BAFCD0}"
EndProject
Project("{2150E333-8FDC-42A3-9474-1A3956D46DE8}") = "Application", "Application", "{8166AB40-8F1A-48E5-B60B-0122161C85B2}"
EndProject
Project("{FAE04EC0-301F-11D3-BF4B-00C04F79EFBC}") = "Services", "Services\Services.csproj", "{FE6CF8DD-172B-4D16-9043-6755C01E920C}"
EndProject
Project("{2150E333-8FDC-42A3-9474-1A3956D46DE8}") = "Infrastructure", "Infrastructure", "{773AD8AF-0EFF-4C25-BAE9-C7BA1FDA1A87}"
EndProject
Project("{FAE04EC0-301F-11D3-BF4B-00C04F79EFBC}") = "Persistence", "Persistence\Persistence.csproj", "{27F16A31-CDD2-4A1F-B349-3B7EE66348E0}"
EndProject
Project("{2150E333-8FDC-42A3-9474-1A3956D46DE8}") = "Presentation", "Presentation", "{7B95C414-C278-4190-883C-2AFF0C51D7B3}"
EndProject
Global
	GlobalSection(SolutionConfigurationPlatforms) = preSolution
		Debug|Any CPU = Debug|Any CPU
		Release|Any CPU = Release|Any CPU
	EndGlobalSection
	GlobalSection(ProjectConfigurationPlatforms) = postSolution
		{30217B8C-5525-4866-BCCA-D2D147B12F93}.Debug|Any CPU.ActiveCfg = Debug|Any CPU
		{30217B8C-5525-4866-BCCA-D2D147B12F93}.Debug|Any CPU.Build.0 = Debug|Any CPU
		{30217B8C-5525-4866-BCCA-D2D147B12F93}.Release|Any CPU.ActiveCfg = Release|Any CPU
		{30217B8C-5525-4866-BCCA-D2D147B12F93}.Release|Any CPU.Build.0 = Release|Any CPU
		{6D9C4A7A-921B-4F32-B0F5-E8335611DB73}.Debug|Any CPU.ActiveCfg = Debug|Any CPU
		{6D9C4A7A-921B-4F32-B0F5-E8335611DB73}.Debug|Any CPU.Build.0 = Debug|Any CPU
		{6D9C4A7A-921B-4F32-B0F5-E8335611DB73}.Release|Any CPU.ActiveCfg = Release|Any CPU
		{6D9C4A7A-921B-4F32-B0F5-E8335611DB73}.Release|Any CPU.Build.0 = Release|Any CPU
		{42490668-33FD-4037-ABCA-446F28BAFCD0}.Debug|Any CPU.ActiveCfg = Debug|Any CPU
		{42490668-33FD-4037-ABCA-446F28BAFCD0}.Debug|Any CPU.Build.0 = Debug|Any CPU
		{42490668-33FD-4037-ABCA-446F28BAFCD0}.Release|Any CPU.ActiveCfg = Release|Any CPU
		{42490668-33FD-4037-ABCA-446F28BAFCD0}.Release|Any CPU.Build.0 = Release|Any CPU
		{FE6CF8DD-172B-4D16-9043-6755C01E920C}.Debug|Any CPU.ActiveCfg = Debug|Any CPU
		{FE6CF8DD-172B-4D16-9043-6755C01E920C}.Debug|Any CPU.Build.0 = Debug|Any CPU
		{FE6CF8DD-172B-4D16-9043-6755C01E920C}.Release|Any CPU.ActiveCfg = Release|Any CPU
		{FE6CF8DD-172B-4D16-9043-6755C01E920C}.Release|Any CPU.Build.0 = Release|Any CPU
		{27F16A31-CDD2-4A1F-B349-3B7EE66348E0}.Debug|Any CPU.ActiveCfg = Debug|Any CPU
		{27F16A31-CDD2-4A1F-B349-3B7EE66348E0}.Debug|Any CPU.Build.0 = Debug|Any CPU
		{27F16A31-CDD2-4A1F-B349-3B7EE66348E0}.Release|Any CPU.ActiveCfg = Release|Any CPU
		{27F16A31-CDD2-4A1F-B349-3B7EE66348E0}.Release|Any CPU.Build.0 = Release|Any CPU
	EndGlobalSection
	GlobalSection(NestedProjects) = preSolution
		{6D9C4A7A-921B-4F32-B0F5-E8335611DB73} = {435179FC-1159-4BFC-9EA8-354C67CB2FDD}
		{42490668-33FD-4037-ABCA-446F28BAFCD0} = {435179FC-1159-4BFC-9EA8-354C67CB2FDD}
		{FE6CF8DD-172B-4D16-9043-6755C01E920C} = {8166AB40-8F1A-48E5-B60B-0122161C85B2}
		{27F16A31-CDD2-4A1F-B349-3B7EE66348E0} = {773AD8AF-0EFF-4C25-BAE9-C7BA1FDA1A87}
		{30217B8C-5525-4866-BCCA-D2D147B12F93} = {7B95C414-C278-4190-883C-2AFF0C51D7B3}
	EndGlobalSection
EndGlobal
